
Microsoft Visual Studio Solution File, Format Version 12.00
# Visual Studio Version 16
VisualStudioVersion = 16.0.30816.78
MinimumVisualStudioVersion = 10.0.40219.1
Project("{FAE04EC0-301F-11D3-BF4B-00C04F79EFBC}") = "StringSort", "StringSort.csproj", "{DEF2147D-8A3D-44C9-9D38-0C86291DDED1}"
EndProject
Global
	GlobalSection(SolutionConfigurationPlatforms) = preSolution
		Debug|Any CPU = Debug|Any CPU
		Release|Any CPU = Release|Any CPU
	EndGlobalSection
	GlobalSection(ProjectConfigurationPlatforms) = postSolution
		{DEF2147D-8A3D-44C9-9D38-0C86291DDED1}.Debug|Any CPU.ActiveCfg = Debug|Any CPU
		{DEF2147D-8A3D-44C9-9D38-0C86291DDED1}.Debug|Any CPU.Build.0 = Debug|Any CPU
		{DEF2147D-8A3D-44C9-9D38-0C86291DDED1}.Release|Any CPU.ActiveCfg = Release|Any CPU
		{DEF2147D-8A3D-44C9-9D38-0C86291DDED1}.Release|Any CPU.Build.0 = Release|Any CPU
	EndGlobalSection
	GlobalSection(SolutionProperties) = preSolution
		HideSolutionNode = FALSE
	EndGlobalSection
	GlobalSection(ExtensibilityGlobals) = postSolution
		SolutionGuid = {1BEC024F-6CB1-4667-AC5C-3672480B1B27}
	EndGlobalSection
EndGlobal
